
Microsoft Visual Studio Solution File, Format Version 12.00
# Visual Studio 15
Project("{FAE04EC0-301F-11D3-BF4B-00C04F79EFBC}") = "Assembly-CSharp", "Assembly-CSharp.csproj", "{F97CA507-33F5-D575-ACEF-679B461D08CE}"
EndProject
Project("{FAE04EC0-301F-11D3-BF4B-00C04F79EFBC}") = "Assembly-CSharp-Editor", "Assembly-CSharp-Editor.csproj", "{DD634A44-751B-8847-9AFA-F6550AB4B3A9}"
EndProject
Global
	GlobalSection(SolutionConfigurationPlatforms) = preSolution
		Debug|Any CPU = Debug|Any CPU
		Release|Any CPU = Release|Any CPU
	EndGlobalSection
	GlobalSection(ProjectConfigurationPlatforms) = postSolution
		{F97CA507-33F5-D575-ACEF-679B461D08CE}.Debug|Any CPU.ActiveCfg = Debug|Any CPU
		{F97CA507-33F5-D575-ACEF-679B461D08CE}.Debug|Any CPU.Build.0 = Debug|Any CPU
		{F97CA507-33F5-D575-ACEF-679B461D08CE}.Release|Any CPU.ActiveCfg = Release|Any CPU
		{F97CA507-33F5-D575-ACEF-679B461D08CE}.Release|Any CPU.Build.0 = Release|Any CPU
		{DD634A44-751B-8847-9AFA-F6550AB4B3A9}.Debug|Any CPU.ActiveCfg = Debug|Any CPU
		{DD634A44-751B-8847-9AFA-F6550AB4B3A9}.Debug|Any CPU.Build.0 = Debug|Any CPU
		{DD634A44-751B-8847-9AFA-F6550AB4B3A9}.Release|Any CPU.ActiveCfg = Release|Any CPU
		{DD634A44-751B-8847-9AFA-F6550AB4B3A9}.Release|Any CPU.Build.0 = Release|Any CPU
	EndGlobalSection
	GlobalSection(SolutionProperties) = preSolution
		HideSolutionNode = FALSE
	EndGlobalSection
EndGlobal
